
Microsoft Visual Studio Solution File, Format Version 12.00
# Visual Studio Version 17
VisualStudioVersion = 17.7.34031.279
MinimumVisualStudioVersion = 10.0.40219.1
Project("{FAE04EC0-301F-11D3-BF4B-00C04F79EFBC}") = "FitnessCenter", "FitnessCenter.csproj", "{C7DF7AE6-DB66-0355-5519-D9CC6844853B}"
EndProject
Project("{2150E333-8FDC-42A3-9474-1A3956D46DE8}") = "Solution Items", "Solution Items", "{02EA681E-C7D8-13C7-8484-4AC65E1B71E8}"
	ProjectSection(SolutionItems) = preProject
		.editorconfig = .editorconfig
	EndProjectSection
EndProject
Global
	GlobalSection(SolutionConfigurationPlatforms) = preSolution
		Debug|Any CPU = Debug|Any CPU
		Release|Any CPU = Release|Any CPU
	EndGlobalSection
	GlobalSection(ProjectConfigurationPlatforms) = postSolution
		{C7DF7AE6-DB66-0355-5519-D9CC6844853B}.Debug|Any CPU.ActiveCfg = Debug|Any CPU
		{C7DF7AE6-DB66-0355-5519-D9CC6844853B}.Debug|Any CPU.Build.0 = Debug|Any CPU
		{C7DF7AE6-DB66-0355-5519-D9CC6844853B}.Release|Any CPU.ActiveCfg = Release|Any CPU
		{C7DF7AE6-DB66-0355-5519-D9CC6844853B}.Release|Any CPU.Build.0 = Release|Any CPU
	EndGlobalSection
	GlobalSection(SolutionProperties) = preSolution
		HideSolutionNode = FALSE
	EndGlobalSection
	GlobalSection(ExtensibilityGlobals) = postSolution
		SolutionGuid = {974A51BF-F267-4639-9348-B1501A92704F}
	EndGlobalSection
EndGlobal
